
Microsoft Visual Studio Solution File, Format Version 12.00
# Visual Studio 15
VisualStudioVersion = 15.0.27703.2018
MinimumVisualStudioVersion = 10.0.40219.1
Project("{FAE04EC0-301F-11D3-BF4B-00C04F79EFBC}") = "WebApplication1", "WebApplication1\WebApplication1.csproj", "{23004509-666F-4E09-9231-7D3010F2E21B}"
EndProject
Global
	GlobalSection(SolutionConfigurationPlatforms) = preSolution
		Debug|Any CPU = Debug|Any CPU
		Release|Any CPU = Release|Any CPU
	EndGlobalSection
	GlobalSection(ProjectConfigurationPlatforms) = postSolution
		{23004509-666F-4E09-9231-7D3010F2E21B}.Debug|Any CPU.ActiveCfg = Debug|Any CPU
		{23004509-666F-4E09-9231-7D3010F2E21B}.Debug|Any CPU.Build.0 = Debug|Any CPU
		{23004509-666F-4E09-9231-7D3010F2E21B}.Release|Any CPU.ActiveCfg = Release|Any CPU
		{23004509-666F-4E09-9231-7D3010F2E21B}.Release|Any CPU.Build.0 = Release|Any CPU
	EndGlobalSection
	GlobalSection(SolutionProperties) = preSolution
		HideSolutionNode = FALSE
	EndGlobalSection
	GlobalSection(ExtensibilityGlobals) = postSolution
		SolutionGuid = {97F219EF-F74D-4568-ADDE-F826BDF88C75}
	EndGlobalSection
EndGlobal
